
Microsoft Visual Studio Solution File, Format Version 12.00
# Visual Studio 2012
Project("{FAE04EC0-301F-11D3-BF4B-00C04F79EFBC}") = "White-Spy", "White-Spy.csproj", "{7C1AA75D-3458-477A-9CBB-71B8DF4A6040}"
EndProject
Global
	GlobalSection(SolutionConfigurationPlatforms) = preSolution
		Debug|Any CPU = Debug|Any CPU
		Release|Any CPU = Release|Any CPU
	EndGlobalSection
	GlobalSection(ProjectConfigurationPlatforms) = postSolution
		{7C1AA75D-3458-477A-9CBB-71B8DF4A6040}.Debug|Any CPU.ActiveCfg = Debug|Any CPU
		{7C1AA75D-3458-477A-9CBB-71B8DF4A6040}.Debug|Any CPU.Build.0 = Debug|Any CPU
		{7C1AA75D-3458-477A-9CBB-71B8DF4A6040}.Release|Any CPU.ActiveCfg = Release|Any CPU
		{7C1AA75D-3458-477A-9CBB-71B8DF4A6040}.Release|Any CPU.Build.0 = Release|Any CPU
	EndGlobalSection
	GlobalSection(SolutionProperties) = preSolution
		HideSolutionNode = FALSE
	EndGlobalSection
EndGlobal
